
Microsoft Visual Studio Solution File, Format Version 12.00
# Visual Studio Version 16
VisualStudioVersion = 16.0.30011.22
MinimumVisualStudioVersion = 10.0.40219.1
Project("{FAE04EC0-301F-11D3-BF4B-00C04F79EFBC}") = "TextWebAPI", "TextWebAPI\TextWebAPI.csproj", "{77F1F7CB-C449-48D2-87E5-0904B6B4AC31}"
EndProject
Global
	GlobalSection(SolutionConfigurationPlatforms) = preSolution
		Debug|Any CPU = Debug|Any CPU
		Release|Any CPU = Release|Any CPU
	EndGlobalSection
	GlobalSection(ProjectConfigurationPlatforms) = postSolution
		{77F1F7CB-C449-48D2-87E5-0904B6B4AC31}.Debug|Any CPU.ActiveCfg = Debug|Any CPU
		{77F1F7CB-C449-48D2-87E5-0904B6B4AC31}.Debug|Any CPU.Build.0 = Debug|Any CPU
		{77F1F7CB-C449-48D2-87E5-0904B6B4AC31}.Release|Any CPU.ActiveCfg = Release|Any CPU
		{77F1F7CB-C449-48D2-87E5-0904B6B4AC31}.Release|Any CPU.Build.0 = Release|Any CPU
	EndGlobalSection
	GlobalSection(SolutionProperties) = preSolution
		HideSolutionNode = FALSE
	EndGlobalSection
	GlobalSection(ExtensibilityGlobals) = postSolution
		SolutionGuid = {73AC3B11-9646-468A-B183-FDA1DB35C041}
	EndGlobalSection
EndGlobal
